
Microsoft Visual Studio Solution File, Format Version 12.00
# Visual Studio Version 17
VisualStudioVersion = 17.11.35431.28
MinimumVisualStudioVersion = 10.0.40219.1
Project("{FAE04EC0-301F-11D3-BF4B-00C04F79EFBC}") = "InventoryIMSSystemt", "InventoryIMSSystemt.csproj", "{D43F4DBA-F607-4369-83BD-A1361501EA3C}"
EndProject
Global
	GlobalSection(SolutionConfigurationPlatforms) = preSolution
		Debug|Any CPU = Debug|Any CPU
		Release|Any CPU = Release|Any CPU
	EndGlobalSection
	GlobalSection(ProjectConfigurationPlatforms) = postSolution
		{D43F4DBA-F607-4369-83BD-A1361501EA3C}.Debug|Any CPU.ActiveCfg = Debug|Any CPU
		{D43F4DBA-F607-4369-83BD-A1361501EA3C}.Debug|Any CPU.Build.0 = Debug|Any CPU
		{D43F4DBA-F607-4369-83BD-A1361501EA3C}.Release|Any CPU.ActiveCfg = Release|Any CPU
		{D43F4DBA-F607-4369-83BD-A1361501EA3C}.Release|Any CPU.Build.0 = Release|Any CPU
	EndGlobalSection
	GlobalSection(SolutionProperties) = preSolution
		HideSolutionNode = FALSE
	EndGlobalSection
	GlobalSection(ExtensibilityGlobals) = postSolution
		SolutionGuid = {DDCE6105-4BFE-439E-87A5-9404B2CF11DD}
	EndGlobalSection
EndGlobal
